
Microsoft Visual Studio Solution File, Format Version 12.00
# Visual Studio 14
VisualStudioVersion = 14.0.25420.1
MinimumVisualStudioVersion = 10.0.40219.1
Project("{FAE04EC0-301F-11D3-BF4B-00C04F79EFBC}") = "elma.sharp", "elma.sharp\elma.sharp.csproj", "{6DE70A9F-AA09-4BC5-BE82-DCE02CA78DDC}"
EndProject
Global
	GlobalSection(SolutionConfigurationPlatforms) = preSolution
		Debug|Any CPU = Debug|Any CPU
		Release|Any CPU = Release|Any CPU
	EndGlobalSection
	GlobalSection(ProjectConfigurationPlatforms) = postSolution
		{6DE70A9F-AA09-4BC5-BE82-DCE02CA78DDC}.Debug|Any CPU.ActiveCfg = Debug|Any CPU
		{6DE70A9F-AA09-4BC5-BE82-DCE02CA78DDC}.Debug|Any CPU.Build.0 = Debug|Any CPU
		{6DE70A9F-AA09-4BC5-BE82-DCE02CA78DDC}.Release|Any CPU.ActiveCfg = Release|Any CPU
		{6DE70A9F-AA09-4BC5-BE82-DCE02CA78DDC}.Release|Any CPU.Build.0 = Release|Any CPU
	EndGlobalSection
	GlobalSection(SolutionProperties) = preSolution
		HideSolutionNode = FALSE
	EndGlobalSection
EndGlobal
